
Microsoft Visual Studio Solution File, Format Version 12.00
# Visual Studio Version 16
VisualStudioVersion = 16.0.29215.179
MinimumVisualStudioVersion = 10.0.40219.1
Project("{FAE04EC0-301F-11D3-BF4B-00C04F79EFBC}") = "Chat Serial", "Chat Serial\Chat Serial.csproj", "{773126DD-B823-48D3-AA26-F96E7B758082}"
EndProject
Global
	GlobalSection(SolutionConfigurationPlatforms) = preSolution
		Debug|Any CPU = Debug|Any CPU
		Release|Any CPU = Release|Any CPU
	EndGlobalSection
	GlobalSection(ProjectConfigurationPlatforms) = postSolution
		{773126DD-B823-48D3-AA26-F96E7B758082}.Debug|Any CPU.ActiveCfg = Debug|Any CPU
		{773126DD-B823-48D3-AA26-F96E7B758082}.Debug|Any CPU.Build.0 = Debug|Any CPU
		{773126DD-B823-48D3-AA26-F96E7B758082}.Release|Any CPU.ActiveCfg = Release|Any CPU
		{773126DD-B823-48D3-AA26-F96E7B758082}.Release|Any CPU.Build.0 = Release|Any CPU
	EndGlobalSection
	GlobalSection(SolutionProperties) = preSolution
		HideSolutionNode = FALSE
	EndGlobalSection
	GlobalSection(ExtensibilityGlobals) = postSolution
		SolutionGuid = {C3695247-7218-4114-9003-66F9C242BBC3}
	EndGlobalSection
EndGlobal
